// !$*UTF8*$!
{
	archiveVersion = 1;
	classes = {
	};
	objectVersion = 50;
	objects = {

/* Begin PBXBuildFile section */
		1DF788F2242B54D400BBF6C0 /* AppDelegate.m in Sources */ = {isa = PBXBuildFile; fileRef = 1DF788F1242B54D400BBF6C0 /* AppDelegate.m */; };
		1DF788F5242B54D400BBF6C0 /* SceneDelegate.m in Sources */ = {isa = PBXBuildFile; fileRef = 1DF788F4242B54D400BBF6C0 /* SceneDelegate.m */; };
		1DF788F8242B54D400BBF6C0 /* ViewController.m in Sources */ = {isa = PBXBuildFile; fileRef = 1DF788F7242B54D400BBF6C0 /* ViewController.m */; };
		1DF788FB242B54D400BBF6C0 /* Main.storyboard in Resources */ = {isa = PBXBuildFile; fileRef = 1DF788F9242B54D400BBF6C0 /* Main.storyboard */; };
		1DF788FD242B54D800BBF6C0 /* Assets.xcassets in Resources */ = {isa = PBXBuildFile; fileRef = 1DF788FC242B54D800BBF6C0 /* Assets.xcassets */; };
		1DF78900242B54D800BBF6C0 /* LaunchScreen.storyboard in Resources */ = {isa = PBXBuildFile; fileRef = 1DF788FE242B54D800BBF6C0 /* LaunchScreen.storyboard */; };
		1DF78903242B54D800BBF6C0 /* main.m in Sources */ = {isa = PBXBuildFile; fileRef = 1DF78902242B54D800BBF6C0 /* main.m */; };
		1DF7893E242B55B200BBF6C0 /* ModuleAFramework.framework in Frameworks */ = {isa = PBXBuildFile; fileRef = 1DF78938242B554D00BBF6C0 /* ModuleAFramework.framework */; };
		1DF7893F242B55B200BBF6C0 /* ModuleAFramework.framework in Embed Frameworks */ = {isa = PBXBuildFile; fileRef = 1DF78938242B554D00BBF6C0 /* ModuleAFramework.framework */; settings = {ATTRIBUTES = (CodeSignOnCopy, RemoveHeadersOnCopy, ); }; };
		1DF78969242B580300BBF6C0 /* libModuleBStaticLibrary.a in Frameworks */ = {isa = PBXBuildFile; fileRef = 1DF78968242B57D200BBF6C0 /* libModuleBStaticLibrary.a */; };
		FE6F9BA0F5DEFE34AE944D53 /* libPods-PureProject.a in Frameworks */ = {isa = PBXBuildFile; fileRef = AA3165127FB281CD67BB1EA2 /* libPods-PureProject.a */; };
/* End PBXBuildFile section */

/* Begin PBXContainerItemProxy section */
		1DF78937242B554D00BBF6C0 /* PBXContainerItemProxy */ = {
			isa = PBXContainerItemProxy;
			containerPortal = 1DF78933242B554C00BBF6C0 /* ModuleAFramework.xcodeproj */;
			proxyType = 2;
			remoteGlobalIDString = 1DF78928242B554C00BBF6C0;
			remoteInfo = ModuleAFramework;
		};
		1DF78967242B57D200BBF6C0 /* PBXContainerItemProxy */ = {
			isa = PBXContainerItemProxy;
			containerPortal = 1DF78963242B57D100BBF6C0 /* ModuleBStaticLibrary.xcodeproj */;
			proxyType = 2;
			remoteGlobalIDString = 1DF78957242B57D100BBF6C0;
			remoteInfo = ModuleBStaticLibrary;
		};
/* End PBXContainerItemProxy section */

/* Begin PBXCopyFilesBuildPhase section */
		1DF78940242B55B200BBF6C0 /* Embed Frameworks */ = {
			isa = PBXCopyFilesBuildPhase;
			buildActionMask = 2147483647;
			dstPath = "";
			dstSubfolderSpec = 10;
			files = (
				1DF7893F242B55B200BBF6C0 /* ModuleAFramework.framework in Embed Frameworks */,
			);
			name = "Embed Frameworks";
			runOnlyForDeploymentPostprocessing = 0;
		};
/* End PBXCopyFilesBuildPhase section */

/* Begin PBXFileReference section */
		1DF788ED242B54D400BBF6C0 /* PureProject.app */ = {isa = PBXFileReference; explicitFileType = wrapper.application; includeInIndex = 0; path = PureProject.app; sourceTree = BUILT_PRODUCTS_DIR; };
		1DF788F0242B54D400BBF6C0 /* AppDelegate.h */ = {isa = PBXFileReference; lastKnownFileType = sourcecode.c.h; path = AppDelegate.h; sourceTree = "<group>"; };
		1DF788F1242B54D400BBF6C0 /* AppDelegate.m */ = {isa = PBXFileReference; lastKnownFileType = sourcecode.c.objc; path = AppDelegate.m; sourceTree = "<group>"; };
		1DF788F3242B54D400BBF6C0 /* SceneDelegate.h */ = {isa = PBXFileReference; lastKnownFileType = sourcecode.c.h; path = SceneDelegate.h; sourceTree = "<group>"; };
		1DF788F4242B54D400BBF6C0 /* SceneDelegate.m */ = {isa = PBXFileReference; lastKnownFileType = sourcecode.c.objc; path = SceneDelegate.m; sourceTree = "<group>"; };
		1DF788F6242B54D400BBF6C0 /* ViewController.h */ = {isa = PBXFileReference; lastKnownFileType = sourcecode.c.h; path = ViewController.h; sourceTree = "<group>"; };
		1DF788F7242B54D400BBF6C0 /* ViewController.m */ = {isa = PBXFileReference; lastKnownFileType = sourcecode.c.objc; path = ViewController.m; sourceTree = "<group>"; };
		1DF788FA242B54D400BBF6C0 /* Base */ = {isa = PBXFileReference; lastKnownFileType = file.storyboard; name = Base; path = Base.lproj/Main.storyboard; sourceTree = "<group>"; };
		1DF788FC242B54D800BBF6C0 /* Assets.xcassets */ = {isa = PBXFileReference; lastKnownFileType = folder.assetcatalog; path = Assets.xcassets; sourceTree = "<group>"; };
		1DF788FF242B54D800BBF6C0 /* Base */ = {isa = PBXFileReference; lastKnownFileType = file.storyboard; name = Base; path = Base.lproj/LaunchScreen.storyboard; sourceTree = "<group>"; };
		1DF78901242B54D800BBF6C0 /* Info.plist */ = {isa = PBXFileReference; lastKnownFileType = text.plist.xml; path = Info.plist; sourceTree = "<group>"; };
		1DF78902242B54D800BBF6C0 /* main.m */ = {isa = PBXFileReference; lastKnownFileType = sourcecode.c.objc; path = main.m; sourceTree = "<group>"; };
		1DF78933242B554C00BBF6C0 /* ModuleAFramework.xcodeproj */ = {isa = PBXFileReference; lastKnownFileType = "wrapper.pb-project"; name = ModuleAFramework.xcodeproj; path = ModuleAFramework/ModuleAFramework.xcodeproj; sourceTree = "<group>"; };
		1DF78963242B57D100BBF6C0 /* ModuleBStaticLibrary.xcodeproj */ = {isa = PBXFileReference; lastKnownFileType = "wrapper.pb-project"; name = ModuleBStaticLibrary.xcodeproj; path = ModuleBStaticLibrary/ModuleBStaticLibrary.xcodeproj; sourceTree = "<group>"; };
		6B984AAA9B7A729BE8A69C64 /* Pods-PureProject.debug.xcconfig */ = {isa = PBXFileReference; includeInIndex = 1; lastKnownFileType = text.xcconfig; name = "Pods-PureProject.debug.xcconfig"; path = "Target Support Files/Pods-PureProject/Pods-PureProject.debug.xcconfig"; sourceTree = "<group>"; };
		AA3165127FB281CD67BB1EA2 /* libPods-PureProject.a */ = {isa = PBXFileReference; explicitFileType = archive.ar; includeInIndex = 0; path = "libPods-PureProject.a"; sourceTree = BUILT_PRODUCTS_DIR; };
		D3ADB3EA21E7A8E2D587EF72 /* Pods-PureProject.release.xcconfig */ = {isa = PBXFileReference; includeInIndex = 1; lastKnownFileType = text.xcconfig; name = "Pods-PureProject.release.xcconfig"; path = "Target Support Files/Pods-PureProject/Pods-PureProject.release.xcconfig"; sourceTree = "<group>"; };
/* End PBXFileReference section */

/* Begin PBXFrameworksBuildPhase section */
		1DF788EA242B54D400BBF6C0 /* Frameworks */ = {
			isa = PBXFrameworksBuildPhase;
			buildActionMask = 2147483647;
			files = (
				1DF78969242B580300BBF6C0 /* libModuleBStaticLibrary.a in Frameworks */,
				1DF7893E242B55B200BBF6C0 /* ModuleAFramework.framework in Frameworks */,
				FE6F9BA0F5DEFE34AE944D53 /* libPods-PureProject.a in Frameworks */,
			);
			runOnlyForDeploymentPostprocessing = 0;
		};
/* End PBXFrameworksBuildPhase section */

/* Begin PBXGroup section */
		1DF788E4242B54D400BBF6C0 = {
			isa = PBXGroup;
			children = (
				1DF78963242B57D100BBF6C0 /* ModuleBStaticLibrary.xcodeproj */,
				1DF78933242B554C00BBF6C0 /* ModuleAFramework.xcodeproj */,
				1DF788EF242B54D400BBF6C0 /* PureProject */,
				1DF788EE242B54D400BBF6C0 /* Products */,
				1DF7893D242B55B200BBF6C0 /* Frameworks */,
				C424EBF10696C97C52A8CB16 /* Pods */,
			);
			sourceTree = "<group>";
		};
		1DF788EE242B54D400BBF6C0 /* Products */ = {
			isa = PBXGroup;
			children = (
				1DF788ED242B54D400BBF6C0 /* PureProject.app */,
			);
			name = Products;
			sourceTree = "<group>";
		};
		1DF788EF242B54D400BBF6C0 /* PureProject */ = {
			isa = PBXGroup;
			children = (
				1DF788F0242B54D400BBF6C0 /* AppDelegate.h */,
				1DF788F1242B54D400BBF6C0 /* AppDelegate.m */,
				1DF788F3242B54D400BBF6C0 /* SceneDelegate.h */,
				1DF788F4242B54D400BBF6C0 /* SceneDelegate.m */,
				1DF788F6242B54D400BBF6C0 /* ViewController.h */,
				1DF788F7242B54D400BBF6C0 /* ViewController.m */,
				1DF788F9242B54D400BBF6C0 /* Main.storyboard */,
				1DF788FC242B54D800BBF6C0 /* Assets.xcassets */,
				1DF788FE242B54D800BBF6C0 /* LaunchScreen.storyboard */,
				1DF78901242B54D800BBF6C0 /* Info.plist */,
				1DF78902242B54D800BBF6C0 /* main.m */,
			);
			path = PureProject;
			sourceTree = "<group>";
		};
		1DF78934242B554C00BBF6C0 /* Products */ = {
			isa = PBXGroup;
			children = (
				1DF78938242B554D00BBF6C0 /* ModuleAFramework.framework */,
			);
			name = Products;
			sourceTree = "<group>";
		};
		1DF7893D242B55B200BBF6C0 /* Frameworks */ = {
			isa = PBXGroup;
			children = (
				AA3165127FB281CD67BB1EA2 /* libPods-PureProject.a */,
			);
			name = Frameworks;
			sourceTree = "<group>";
		};
		1DF78964242B57D100BBF6C0 /* Products */ = {
			isa = PBXGroup;
			children = (
				1DF78968242B57D200BBF6C0 /* libModuleBStaticLibrary.a */,
			);
			name = Products;
			sourceTree = "<group>";
		};
		C424EBF10696C97C52A8CB16 /* Pods */ = {
			isa = PBXGroup;
			children = (
				6B984AAA9B7A729BE8A69C64 /* Pods-PureProject.debug.xcconfig */,
				D3ADB3EA21E7A8E2D587EF72 /* Pods-PureProject.release.xcconfig */,
			);
			path = Pods;
			sourceTree = "<group>";
		};
/* End PBXGroup section */

/* Begin PBXNativeTarget section */
		1DF788EC242B54D400BBF6C0 /* PureProject */ = {
			isa = PBXNativeTarget;
			buildConfigurationList = 1DF78906242B54D800BBF6C0 /* Build configuration list for PBXNativeTarget "PureProject" */;
			buildPhases = (
				BBA9BEE24C72A2F01441CEC1 /* [CP] Check Pods Manifest.lock */,
				1DF788E9242B54D400BBF6C0 /* Sources */,
				1DF788EA242B54D400BBF6C0 /* Frameworks */,
				1DF788EB242B54D400BBF6C0 /* Resources */,
				1DF78940242B55B200BBF6C0 /* Embed Frameworks */,
			);
			buildRules = (
			);
			dependencies = (
			);
			name = PureProject;
			productName = PureProject;
			productReference = 1DF788ED242B54D400BBF6C0 /* PureProject.app */;
			productType = "com.apple.product-type.application";
		};
/* End PBXNativeTarget section */

/* Begin PBXProject section */
		1DF788E5242B54D400BBF6C0 /* Project object */ = {
			isa = PBXProject;
			attributes = {
				LastUpgradeCheck = 1130;
				ORGANIZATIONNAME = qiupeng;
				TargetAttributes = {
					1DF788EC242B54D400BBF6C0 = {
						CreatedOnToolsVersion = 11.3.1;
					};
				};
			};
			buildConfigurationList = 1DF788E8242B54D400BBF6C0 /* Build configuration list for PBXProject "PureProject" */;
			compatibilityVersion = "Xcode 9.3";
			developmentRegion = en;
			hasScannedForEncodings = 0;
			knownRegions = (
				en,
				Base,
			);
			mainGroup = 1DF788E4242B54D400BBF6C0;
			productRefGroup = 1DF788EE242B54D400BBF6C0 /* Products */;
			projectDirPath = "";
			projectReferences = (
				{
					ProductGroup = 1DF78934242B554C00BBF6C0 /* Products */;
					ProjectRef = 1DF78933242B554C00BBF6C0 /* ModuleAFramework.xcodeproj */;
				},
				{
					ProductGroup = 1DF78964242B57D100BBF6C0 /* Products */;
					ProjectRef = 1DF78963242B57D100BBF6C0 /* ModuleBStaticLibrary.xcodeproj */;
				},
			);
			projectRoot = "";
			targets = (
				1DF788EC242B54D400BBF6C0 /* PureProject */,
			);
		};
/* End PBXProject section */

/* Begin PBXReferenceProxy section */
		1DF78938242B554D00BBF6C0 /* ModuleAFramework.framework */ = {
			isa = PBXReferenceProxy;
			fileType = wrapper.framework;
			path = ModuleAFramework.framework;
			remoteRef = 1DF78937242B554D00BBF6C0 /* PBXContainerItemProxy */;
			sourceTree = BUILT_PRODUCTS_DIR;
		};
		1DF78968242B57D200BBF6C0 /* libModuleBStaticLibrary.a */ = {
			isa = PBXReferenceProxy;
			fileType = archive.ar;
			path = libModuleBStaticLibrary.a;
			remoteRef = 1DF78967242B57D200BBF6C0 /* PBXContainerItemProxy */;
			sourceTree = BUILT_PRODUCTS_DIR;
		};
/* End PBXReferenceProxy section */

/* Begin PBXResourcesBuildPhase section */
		1DF788EB242B54D400BBF6C0 /* Resources */ = {
			isa = PBXResourcesBuildPhase;
			buildActionMask = 2147483647;
			files = (
				1DF78900242B54D800BBF6C0 /* LaunchScreen.storyboard in Resources */,
				1DF788FD242B54D800BBF6C0 /* Assets.xcassets in Resources */,
				1DF788FB242B54D400BBF6C0 /* Main.storyboard in Resources */,
			);
			runOnlyForDeploymentPostprocessing = 0;
		};
/* End PBXResourcesBuildPhase section */

/* Begin PBXShellScriptBuildPhase section */
		BBA9BEE24C72A2F01441CEC1 /* [CP] Check Pods Manifest.lock */ = {
			isa = PBXShellScriptBuildPhase;
			buildActionMask = 2147483647;
			files = (
			);
			inputFileListPaths = (
			);
			inputPaths = (
				"${PODS_PODFILE_DIR_PATH}/Podfile.lock",
				"${PODS_ROOT}/Manifest.lock",
			);
			name = "[CP] Check Pods Manifest.lock";
			outputFileListPaths = (
			);
			outputPaths = (
				"$(DERIVED_FILE_DIR)/Pods-PureProject-checkManifestLockResult.txt",
			);
			runOnlyForDeploymentPostprocessing = 0;
			shellPath = /bin/sh;
			shellScript = "diff \"${PODS_PODFILE_DIR_PATH}/Podfile.lock\" \"${PODS_ROOT}/Manifest.lock\" > /dev/null\nif [ $? != 0 ] ; then\n    # print error to STDERR\n    echo \"error: The sandbox is not in sync with the Podfile.lock. Run 'pod install' or update your CocoaPods installation.\" >&2\n    exit 1\nfi\n# This output is used by Xcode 'outputs' to avoid re-running this script phase.\necho \"SUCCESS\" > \"${SCRIPT_OUTPUT_FILE_0}\"\n";
			showEnvVarsInLog = 0;
		};
/* End PBXShellScriptBuildPhase section */

/* Begin PBXSourcesBuildPhase section */
		1DF788E9242B54D400BBF6C0 /* Sources */ = {
			isa = PBXSourcesBuildPhase;
			buildActionMask = 2147483647;
			files = (
				1DF788F8242B54D400BBF6C0 /* ViewController.m in Sources */,
				1DF788F2242B54D400BBF6C0 /* AppDelegate.m in Sources */,
				1DF78903242B54D800BBF6C0 /* main.m in Sources */,
				1DF788F5242B54D400BBF6C0 /* SceneDelegate.m in Sources */,
			);
			runOnlyForDeploymentPostprocessing = 0;
		};
/* End PBXSourcesBuildPhase section */

/* Begin PBXVariantGroup section */
		1DF788F9242B54D400BBF6C0 /* Main.storyboard */ = {
			isa = PBXVariantGroup;
			children = (
				1DF788FA242B54D400BBF6C0 /* Base */,
			);
			name = Main.storyboard;
			sourceTree = "<group>";
		};
		1DF788FE242B54D800BBF6C0 /* LaunchScreen.storyboard */ = {
			isa = PBXVariantGroup;
			children = (
				1DF788FF242B54D800BBF6C0 /* Base */,
			);
			name = LaunchScreen.storyboard;
			sourceTree = "<group>";
		};
/* End PBXVariantGroup section */

/* Begin XCBuildConfiguration section */
		1DF78904242B54D800BBF6C0 /* Debug */ = {
			isa = XCBuildConfiguration;
			buildSettings = {
				ALWAYS_SEARCH_USER_PATHS = NO;
				CLANG_ANALYZER_NONNULL = YES;
				CLANG_ANALYZER_NUMBER_OBJECT_CONVERSION = YES_AGGRESSIVE;
				CLANG_CXX_LANGUAGE_STANDARD = "gnu++14";
				CLANG_CXX_LIBRARY = "libc++";
				CLANG_ENABLE_MODULES = YES;
				CLANG_ENABLE_OBJC_ARC = YES;
				CLANG_ENABLE_OBJC_WEAK = YES;
				CLANG_WARN_BLOCK_CAPTURE_AUTORELEASING = YES;
				CLANG_WARN_BOOL_CONVERSION = YES;
				CLANG_WARN_COMMA = YES;
				CLANG_WARN_CONSTANT_CONVERSION = YES;
				CLANG_WARN_DEPRECATED_OBJC_IMPLEMENTATIONS = YES;
				CLANG_WARN_DIRECT_OBJC_ISA_USAGE = YES_ERROR;
				CLANG_WARN_DOCUMENTATION_COMMENTS = YES;
				CLANG_WARN_EMPTY_BODY = YES;
				CLANG_WARN_ENUM_CONVERSION = YES;
				CLANG_WARN_INFINITE_RECURSION = YES;
				CLANG_WARN_INT_CONVERSION = YES;
				CLANG_WARN_NON_LITERAL_NULL_CONVERSION = YES;
				CLANG_WARN_OBJC_IMPLICIT_RETAIN_SELF = YES;
				CLANG_WARN_OBJC_LITERAL_CONVERSION = YES;
				CLANG_WARN_OBJC_ROOT_CLASS = YES_ERROR;
				CLANG_WARN_RANGE_LOOP_ANALYSIS = YES;
				CLANG_WARN_STRICT_PROTOTYPES = YES;
				CLANG_WARN_SUSPICIOUS_MOVE = YES;
				CLANG_WARN_UNGUARDED_AVAILABILITY = YES_AGGRESSIVE;
				CLANG_WARN_UNREACHABLE_CODE = YES;
				CLANG_WARN__DUPLICATE_METHOD_MATCH = YES;
				COPY_PHASE_STRIP = NO;
				DEBUG_INFORMATION_FORMAT = dwarf;
				ENABLE_STRICT_OBJC_MSGSEND = YES;
				ENABLE_TESTABILITY = YES;
				GCC_C_LANGUAGE_STANDARD = gnu11;
				GCC_DYNAMIC_NO_PIC = NO;
				GCC_NO_COMMON_BLOCKS = YES;
				GCC_OPTIMIZATION_LEVEL = 0;
				GCC_PREPROCESSOR_DEFINITIONS = (
					"DEBUG=1",
					"$(inherited)",
				);
				GCC_WARN_64_TO_32_BIT_CONVERSION = YES;
				GCC_WARN_ABOUT_RETURN_TYPE = YES_ERROR;
				GCC_WARN_UNDECLARED_SELECTOR = YES;
				GCC_WARN_UNINITIALIZED_AUTOS = YES_AGGRESSIVE;
				GCC_WARN_UNUSED_FUNCTION = YES;
				GCC_WARN_UNUSED_VARIABLE = YES;
				IPHONEOS_DEPLOYMENT_TARGET = 13.2;
				MTL_ENABLE_DEBUG_INFO = INCLUDE_SOURCE;
				MTL_FAST_MATH = YES;
				ONLY_ACTIVE_ARCH = YES;
				SDKROOT = iphoneos;
			};
			name = Debug;
		};
		1DF78905242B54D800BBF6C0 /* Release */ = {
			isa = XCBuildConfiguration;
			buildSettings = {
				ALWAYS_SEARCH_USER_PATHS = NO;
				CLANG_ANALYZER_NONNULL = YES;
				CLANG_ANALYZER_NUMBER_OBJECT_CONVERSION = YES_AGGRESSIVE;
				CLANG_CXX_LANGUAGE_STANDARD = "gnu++14";
				CLANG_CXX_LIBRARY = "libc++";
				CLANG_ENABLE_MODULES = YES;
				CLANG_ENABLE_OBJC_ARC = YES;
				CLANG_ENABLE_OBJC_WEAK = YES;
				CLANG_WARN_BLOCK_CAPTURE_AUTORELEASING = YES;
				CLANG_WARN_BOOL_CONVERSION = YES;
				CLANG_WARN_COMMA = YES;
				CLANG_WARN_CONSTANT_CONVERSION = YES;
				CLANG_WARN_DEPRECATED_OBJC_IMPLEMENTATIONS = YES;
				CLANG_WARN_DIRECT_OBJC_ISA_USAGE = YES_ERROR;
				CLANG_WARN_DOCUMENTATION_COMMENTS = YES;
				CLANG_WARN_EMPTY_BODY = YES;
				CLANG_WARN_ENUM_CONVERSION = YES;
				CLANG_WARN_INFINITE_RECURSION = YES;
				CLANG_WARN_INT_CONVERSION = YES;
				CLANG_WARN_NON_LITERAL_NULL_CONVERSION = YES;
				CLANG_WARN_OBJC_IMPLICIT_RETAIN_SELF = YES;
				CLANG_WARN_OBJC_LITERAL_CONVERSION = YES;
				CLANG_WARN_OBJC_ROOT_CLASS = YES_ERROR;
				CLANG_WARN_RANGE_LOOP_ANALYSIS = YES;
				CLANG_WARN_STRICT_PROTOTYPES = YES;
				CLANG_WARN_SUSPICIOUS_MOVE = YES;
				CLANG_WARN_UNGUARDED_AVAILABILITY = YES_AGGRESSIVE;
				CLANG_WARN_UNREACHABLE_CODE = YES;
				CLANG_WARN__DUPLICATE_METHOD_MATCH = YES;
				COPY_PHASE_STRIP = NO;
				DEBUG_INFORMATION_FORMAT = "dwarf-with-dsym";
				ENABLE_NS_ASSERTIONS = NO;
				ENABLE_STRICT_OBJC_MSGSEND = YES;
				GCC_C_LANGUAGE_STANDARD = gnu11;
				GCC_NO_COMMON_BLOCKS = YES;
				GCC_WARN_64_TO_32_BIT_CONVERSION = YES;
				GCC_WARN_ABOUT_RETURN_TYPE = YES_ERROR;
				GCC_WARN_UNDECLARED_SELECTOR = YES;
				GCC_WARN_UNINITIALIZED_AUTOS = YES_AGGRESSIVE;
				GCC_WARN_UNUSED_FUNCTION = YES;
				GCC_WARN_UNUSED_VARIABLE = YES;
				IPHONEOS_DEPLOYMENT_TARGET = 13.2;
				MTL_ENABLE_DEBUG_INFO = NO;
				MTL_FAST_MATH = YES;
				SDKROOT = iphoneos;
				VALIDATE_PRODUCT = YES;
			};
			name = Release;
		};
		1DF78907242B54D800BBF6C0 /* Debug */ = {
			isa = XCBuildConfiguration;
			baseConfigurationReference = 6B984AAA9B7A729BE8A69C64 /* Pods-PureProject.debug.xcconfig */;
			buildSettings = {
				ASSETCATALOG_COMPILER_APPICON_NAME = AppIcon;
				CODE_SIGN_STYLE = Automatic;
				FRAMEWORK_SEARCH_PATHS = "";
				INFOPLIST_FILE = PureProject/Info.plist;
				IPHONEOS_DEPLOYMENT_TARGET = 10.0;
				LD_RUNPATH_SEARCH_PATHS = (
					"$(inherited)",
					"@executable_path/Frameworks",
				);
				LIBRARY_SEARCH_PATHS = "$(inherited)";
				PRODUCT_BUNDLE_IDENTIFIER = qiupeng.PureProject;
				PRODUCT_NAME = "$(TARGET_NAME)";
				TARGETED_DEVICE_FAMILY = "1,2";
			};
			name = Debug;
		};
		1DF78908242B54D800BBF6C0 /* Release */ = {
			isa = XCBuildConfiguration;
			baseConfigurationReference = D3ADB3EA21E7A8E2D587EF72 /* Pods-PureProject.release.xcconfig */;
			buildSettings = {
				ASSETCATALOG_COMPILER_APPICON_NAME = AppIcon;
				CODE_SIGN_STYLE = Automatic;
				FRAMEWORK_SEARCH_PATHS = "";
				INFOPLIST_FILE = PureProject/Info.plist;
				IPHONEOS_DEPLOYMENT_TARGET = 10.0;
				LD_RUNPATH_SEARCH_PATHS = (
					"$(inherited)",
					"@executable_path/Frameworks",
				);
				LIBRARY_SEARCH_PATHS = "$(inherited)";
				PRODUCT_BUNDLE_IDENTIFIER = qiupeng.PureProject;
				PRODUCT_NAME = "$(TARGET_NAME)";
				TARGETED_DEVICE_FAMILY = "1,2";
			};
			name = Release;
		};
/* End XCBuildConfiguration section */

/* Begin XCConfigurationList section */
		1DF788E8242B54D400BBF6C0 /* Build configuration list for PBXProject "PureProject" */ = {
			isa = XCConfigurationList;
			buildConfigurations = (
				1DF78904242B54D800BBF6C0 /* Debug */,
				1DF78905242B54D800BBF6C0 /* Release */,
			);
			defaultConfigurationIsVisible = 0;
			defaultConfigurationName = Release;
		};
		1DF78906242B54D800BBF6C0 /* Build configuration list for PBXNativeTarget "PureProject" */ = {
			isa = XCConfigurationList;
			buildConfigurations = (
				1DF78907242B54D800BBF6C0 /* Debug */,
				1DF78908242B54D800BBF6C0 /* Release */,
			);
			defaultConfigurationIsVisible = 0;
			defaultConfigurationName = Release;
		};
/* End XCConfigurationList section */
	};
	rootObject = 1DF788E5242B54D400BBF6C0 /* Project object */;
}
